
Microsoft Visual Studio Solution File, Format Version 12.00
# Visual Studio Version 16
VisualStudioVersion = 16.0.31025.194
MinimumVisualStudioVersion = 10.0.40219.1
Project("{FAE04EC0-301F-11D3-BF4B-00C04F79EFBC}") = "PathOfAspid", "PathOfAspid\PathOfAspid.csproj", "{30D39634-59F7-4824-907A-7644A066E257}"
EndProject
Global
	GlobalSection(SolutionConfigurationPlatforms) = preSolution
		Debug|Any CPU = Debug|Any CPU
		Release|Any CPU = Release|Any CPU
	EndGlobalSection
	GlobalSection(ProjectConfigurationPlatforms) = postSolution
		{30D39634-59F7-4824-907A-7644A066E257}.Debug|Any CPU.ActiveCfg = Debug|Any CPU
		{30D39634-59F7-4824-907A-7644A066E257}.Debug|Any CPU.Build.0 = Debug|Any CPU
		{30D39634-59F7-4824-907A-7644A066E257}.Release|Any CPU.ActiveCfg = Release|Any CPU
		{30D39634-59F7-4824-907A-7644A066E257}.Release|Any CPU.Build.0 = Release|Any CPU
	EndGlobalSection
	GlobalSection(SolutionProperties) = preSolution
		HideSolutionNode = FALSE
	EndGlobalSection
	GlobalSection(ExtensibilityGlobals) = postSolution
		SolutionGuid = {37C0CB86-E5C7-433B-8139-C50A9521B136}
	EndGlobalSection
EndGlobal
